
Microsoft Visual Studio Solution File, Format Version 12.00
# Visual Studio Version 16
VisualStudioVersion = 16.0.30104.148
MinimumVisualStudioVersion = 10.0.40219.1
Project("{FAE04EC0-301F-11D3-BF4B-00C04F79EFBC}") = "DifferentKettleOfFish", "DifferentKettleOfFish\DifferentKettleOfFish.csproj", "{DED43B8A-D1A2-4E29-8597-15B4303BEAA0}"
EndProject
Global
	GlobalSection(SolutionConfigurationPlatforms) = preSolution
		Debug|Any CPU = Debug|Any CPU
		Release|Any CPU = Release|Any CPU
	EndGlobalSection
	GlobalSection(ProjectConfigurationPlatforms) = postSolution
		{DED43B8A-D1A2-4E29-8597-15B4303BEAA0}.Debug|Any CPU.ActiveCfg = Debug|Any CPU
		{DED43B8A-D1A2-4E29-8597-15B4303BEAA0}.Debug|Any CPU.Build.0 = Debug|Any CPU
		{DED43B8A-D1A2-4E29-8597-15B4303BEAA0}.Release|Any CPU.ActiveCfg = Release|Any CPU
		{DED43B8A-D1A2-4E29-8597-15B4303BEAA0}.Release|Any CPU.Build.0 = Release|Any CPU
	EndGlobalSection
	GlobalSection(SolutionProperties) = preSolution
		HideSolutionNode = FALSE
	EndGlobalSection
	GlobalSection(ExtensibilityGlobals) = postSolution
		SolutionGuid = {1DBD9B8B-7A92-42F7-BD31-A36836CC6E54}
	EndGlobalSection
EndGlobal
