
Microsoft Visual Studio Solution File, Format Version 12.00
# Visual Studio Version 16
VisualStudioVersion = 16.0.30309.148
MinimumVisualStudioVersion = 10.0.40219.1
Project("{FAE04EC0-301F-11D3-BF4B-00C04F79EFBC}") = "SG.Calculator.BLL", "SG.Calculator.BLL\SG.Calculator.BLL.csproj", "{F188F2D7-4CB3-44F6-B986-8A85745363CC}"
EndProject
Project("{FAE04EC0-301F-11D3-BF4B-00C04F79EFBC}") = "SG.Calculator.Tests", "SG.Calculator.Tests\SG.Calculator.Tests.csproj", "{1B6106D4-F1F1-46A1-8C17-C16C17ED6C12}"
EndProject
Global
	GlobalSection(SolutionConfigurationPlatforms) = preSolution
		Debug|Any CPU = Debug|Any CPU
		Release|Any CPU = Release|Any CPU
	EndGlobalSection
	GlobalSection(ProjectConfigurationPlatforms) = postSolution
		{F188F2D7-4CB3-44F6-B986-8A85745363CC}.Debug|Any CPU.ActiveCfg = Debug|Any CPU
		{F188F2D7-4CB3-44F6-B986-8A85745363CC}.Debug|Any CPU.Build.0 = Debug|Any CPU
		{F188F2D7-4CB3-44F6-B986-8A85745363CC}.Release|Any CPU.ActiveCfg = Release|Any CPU
		{F188F2D7-4CB3-44F6-B986-8A85745363CC}.Release|Any CPU.Build.0 = Release|Any CPU
		{1B6106D4-F1F1-46A1-8C17-C16C17ED6C12}.Debug|Any CPU.ActiveCfg = Debug|Any CPU
		{1B6106D4-F1F1-46A1-8C17-C16C17ED6C12}.Debug|Any CPU.Build.0 = Debug|Any CPU
		{1B6106D4-F1F1-46A1-8C17-C16C17ED6C12}.Release|Any CPU.ActiveCfg = Release|Any CPU
		{1B6106D4-F1F1-46A1-8C17-C16C17ED6C12}.Release|Any CPU.Build.0 = Release|Any CPU
	EndGlobalSection
	GlobalSection(SolutionProperties) = preSolution
		HideSolutionNode = FALSE
	EndGlobalSection
	GlobalSection(ExtensibilityGlobals) = postSolution
		SolutionGuid = {224CD2CF-842E-4DF2-B72B-331DFC0E2BE5}
	EndGlobalSection
EndGlobal
