
Microsoft Visual Studio Solution File, Format Version 12.00
# Visual Studio Version 16
VisualStudioVersion = 16.0.30104.148
MinimumVisualStudioVersion = 10.0.40219.1
Project("{FAE04EC0-301F-11D3-BF4B-00C04F79EFBC}") = "Opinionator", "Opinionator\Opinionator.csproj", "{A9FC4A61-013E-4754-93B5-A64D44888170}"
EndProject
Global
	GlobalSection(SolutionConfigurationPlatforms) = preSolution
		Debug|Any CPU = Debug|Any CPU
		Release|Any CPU = Release|Any CPU
	EndGlobalSection
	GlobalSection(ProjectConfigurationPlatforms) = postSolution
		{A9FC4A61-013E-4754-93B5-A64D44888170}.Debug|Any CPU.ActiveCfg = Debug|Any CPU
		{A9FC4A61-013E-4754-93B5-A64D44888170}.Debug|Any CPU.Build.0 = Debug|Any CPU
		{A9FC4A61-013E-4754-93B5-A64D44888170}.Release|Any CPU.ActiveCfg = Release|Any CPU
		{A9FC4A61-013E-4754-93B5-A64D44888170}.Release|Any CPU.Build.0 = Release|Any CPU
	EndGlobalSection
	GlobalSection(SolutionProperties) = preSolution
		HideSolutionNode = FALSE
	EndGlobalSection
	GlobalSection(ExtensibilityGlobals) = postSolution
		SolutionGuid = {DECD4E05-3DD4-4E60-8062-E2E47A4ABD53}
	EndGlobalSection
EndGlobal
