
Microsoft Visual Studio Solution File, Format Version 12.00
# Visual Studio Version 16
VisualStudioVersion = 16.0.30104.148
MinimumVisualStudioVersion = 10.0.40219.1
Project("{FAE04EC0-301F-11D3-BF4B-00C04F79EFBC}") = "CommentingCode", "CommentingCode\CommentingCode.csproj", "{98C35829-908C-4F6E-A0CE-D9FCBAB78FC5}"
EndProject
Global
	GlobalSection(SolutionConfigurationPlatforms) = preSolution
		Debug|Any CPU = Debug|Any CPU
		Release|Any CPU = Release|Any CPU
	EndGlobalSection
	GlobalSection(ProjectConfigurationPlatforms) = postSolution
		{98C35829-908C-4F6E-A0CE-D9FCBAB78FC5}.Debug|Any CPU.ActiveCfg = Debug|Any CPU
		{98C35829-908C-4F6E-A0CE-D9FCBAB78FC5}.Debug|Any CPU.Build.0 = Debug|Any CPU
		{98C35829-908C-4F6E-A0CE-D9FCBAB78FC5}.Release|Any CPU.ActiveCfg = Release|Any CPU
		{98C35829-908C-4F6E-A0CE-D9FCBAB78FC5}.Release|Any CPU.Build.0 = Release|Any CPU
	EndGlobalSection
	GlobalSection(SolutionProperties) = preSolution
		HideSolutionNode = FALSE
	EndGlobalSection
	GlobalSection(ExtensibilityGlobals) = postSolution
		SolutionGuid = {92DB554C-D96A-493A-B08B-E293AFE412F5}
	EndGlobalSection
EndGlobal
