
Microsoft Visual Studio Solution File, Format Version 12.00
# Visual Studio Version 16
VisualStudioVersion = 16.0.30104.148
MinimumVisualStudioVersion = 10.0.40219.1
Project("{FAE04EC0-301F-11D3-BF4B-00C04F79EFBC}") = "MenuOfChampions", "MenuOfChampions\MenuOfChampions.csproj", "{61842B9B-A2D2-47CF-A5D8-887D48F2587C}"
EndProject
Global
	GlobalSection(SolutionConfigurationPlatforms) = preSolution
		Debug|Any CPU = Debug|Any CPU
		Release|Any CPU = Release|Any CPU
	EndGlobalSection
	GlobalSection(ProjectConfigurationPlatforms) = postSolution
		{61842B9B-A2D2-47CF-A5D8-887D48F2587C}.Debug|Any CPU.ActiveCfg = Debug|Any CPU
		{61842B9B-A2D2-47CF-A5D8-887D48F2587C}.Debug|Any CPU.Build.0 = Debug|Any CPU
		{61842B9B-A2D2-47CF-A5D8-887D48F2587C}.Release|Any CPU.ActiveCfg = Release|Any CPU
		{61842B9B-A2D2-47CF-A5D8-887D48F2587C}.Release|Any CPU.Build.0 = Release|Any CPU
	EndGlobalSection
	GlobalSection(SolutionProperties) = preSolution
		HideSolutionNode = FALSE
	EndGlobalSection
	GlobalSection(ExtensibilityGlobals) = postSolution
		SolutionGuid = {906358A3-7750-4FA5-9199-EE18D9204FFE}
	EndGlobalSection
EndGlobal
