
Microsoft Visual Studio Solution File, Format Version 12.00
# Visual Studio Version 16
VisualStudioVersion = 16.0.30309.148
MinimumVisualStudioVersion = 10.0.40219.1
Project("{FAE04EC0-301F-11D3-BF4B-00C04F79EFBC}") = "SG.ConsoleUtilities.BLL", "SG.ConsoleUtilities.BLL\SG.ConsoleUtilities.BLL.csproj", "{F1EA84D1-B774-4D1E-A808-9CFC810C35A9}"
EndProject
Project("{FAE04EC0-301F-11D3-BF4B-00C04F79EFBC}") = "SG.ConsoleUtilities.UI", "SG.ConsoleUtilities.UI\SG.ConsoleUtilities.UI.csproj", "{6CCCDDB7-81B9-4A8C-BDCB-6A0F8FBC5BED}"
EndProject
Global
	GlobalSection(SolutionConfigurationPlatforms) = preSolution
		Debug|Any CPU = Debug|Any CPU
		Release|Any CPU = Release|Any CPU
	EndGlobalSection
	GlobalSection(ProjectConfigurationPlatforms) = postSolution
		{F1EA84D1-B774-4D1E-A808-9CFC810C35A9}.Debug|Any CPU.ActiveCfg = Debug|Any CPU
		{F1EA84D1-B774-4D1E-A808-9CFC810C35A9}.Debug|Any CPU.Build.0 = Debug|Any CPU
		{F1EA84D1-B774-4D1E-A808-9CFC810C35A9}.Release|Any CPU.ActiveCfg = Release|Any CPU
		{F1EA84D1-B774-4D1E-A808-9CFC810C35A9}.Release|Any CPU.Build.0 = Release|Any CPU
		{6CCCDDB7-81B9-4A8C-BDCB-6A0F8FBC5BED}.Debug|Any CPU.ActiveCfg = Debug|Any CPU
		{6CCCDDB7-81B9-4A8C-BDCB-6A0F8FBC5BED}.Debug|Any CPU.Build.0 = Debug|Any CPU
		{6CCCDDB7-81B9-4A8C-BDCB-6A0F8FBC5BED}.Release|Any CPU.ActiveCfg = Release|Any CPU
		{6CCCDDB7-81B9-4A8C-BDCB-6A0F8FBC5BED}.Release|Any CPU.Build.0 = Release|Any CPU
	EndGlobalSection
	GlobalSection(SolutionProperties) = preSolution
		HideSolutionNode = FALSE
	EndGlobalSection
	GlobalSection(ExtensibilityGlobals) = postSolution
		SolutionGuid = {38612E25-7442-456F-8E15-63AEF1255EF2}
	EndGlobalSection
EndGlobal
