
Microsoft Visual Studio Solution File, Format Version 12.00
# Visual Studio Version 16
VisualStudioVersion = 16.0.30104.148
MinimumVisualStudioVersion = 10.0.40219.1
Project("{FAE04EC0-301F-11D3-BF4B-00C04F79EFBC}") = "TwoForsAndTenYearsAgo", "TwoForsAndTenYearsAgo\TwoForsAndTenYearsAgo.csproj", "{C0B83360-4C21-49C7-AE6D-4F1A370B8F8E}"
EndProject
Global
	GlobalSection(SolutionConfigurationPlatforms) = preSolution
		Debug|Any CPU = Debug|Any CPU
		Release|Any CPU = Release|Any CPU
	EndGlobalSection
	GlobalSection(ProjectConfigurationPlatforms) = postSolution
		{C0B83360-4C21-49C7-AE6D-4F1A370B8F8E}.Debug|Any CPU.ActiveCfg = Debug|Any CPU
		{C0B83360-4C21-49C7-AE6D-4F1A370B8F8E}.Debug|Any CPU.Build.0 = Debug|Any CPU
		{C0B83360-4C21-49C7-AE6D-4F1A370B8F8E}.Release|Any CPU.ActiveCfg = Release|Any CPU
		{C0B83360-4C21-49C7-AE6D-4F1A370B8F8E}.Release|Any CPU.Build.0 = Release|Any CPU
	EndGlobalSection
	GlobalSection(SolutionProperties) = preSolution
		HideSolutionNode = FALSE
	EndGlobalSection
	GlobalSection(ExtensibilityGlobals) = postSolution
		SolutionGuid = {EDC66EEB-F567-4917-B01E-DE855446F5E8}
	EndGlobalSection
EndGlobal
