
Microsoft Visual Studio Solution File, Format Version 12.00
# Visual Studio Version 16
VisualStudioVersion = 16.0.30104.148
MinimumVisualStudioVersion = 10.0.40219.1
Project("{FAE04EC0-301F-11D3-BF4B-00C04F79EFBC}") = "ForAndTwentyBlackbirds", "ForAndTwentyBlackbirds\ForAndTwentyBlackbirds.csproj", "{B49239B8-6CAC-4D62-B598-F5977B4E4CA8}"
EndProject
Global
	GlobalSection(SolutionConfigurationPlatforms) = preSolution
		Debug|Any CPU = Debug|Any CPU
		Release|Any CPU = Release|Any CPU
	EndGlobalSection
	GlobalSection(ProjectConfigurationPlatforms) = postSolution
		{B49239B8-6CAC-4D62-B598-F5977B4E4CA8}.Debug|Any CPU.ActiveCfg = Debug|Any CPU
		{B49239B8-6CAC-4D62-B598-F5977B4E4CA8}.Debug|Any CPU.Build.0 = Debug|Any CPU
		{B49239B8-6CAC-4D62-B598-F5977B4E4CA8}.Release|Any CPU.ActiveCfg = Release|Any CPU
		{B49239B8-6CAC-4D62-B598-F5977B4E4CA8}.Release|Any CPU.Build.0 = Release|Any CPU
	EndGlobalSection
	GlobalSection(SolutionProperties) = preSolution
		HideSolutionNode = FALSE
	EndGlobalSection
	GlobalSection(ExtensibilityGlobals) = postSolution
		SolutionGuid = {76D4CC21-0F8B-47A6-BF4A-5012A8BDCAA7}
	EndGlobalSection
EndGlobal
